<?xml version="1.0" encoding="utf-8"?>
<Project ToolsVersion="4.0" xmlns="http://schemas.microsoft.com/developer/msbuild/2003">
  <ItemGroup>
    <Filter Include="source">
      <UniqueIdentifier>{b8b3e7fd-063c-45a3-b435-e7cf7babefca}</UniqueIdentifier>
      <Extensions>cpp;c;cxx;def;odl;idl;hpj;bat;asm</Extensions>
    </Filter>
    <Filter Include="include">
      <UniqueIdentifier>{0328a66c-ccc6-438e-9e32-96b2a6fdc5e6}</UniqueIdentifier>
      <Extensions>h;hpp;hxx;hm;inl;inc</Extensions>
    </Filter>
    <Filter Include="resource">
      <UniqueIdentifier>{0aecdb7d-8b93-490e-9ab2-83f5e68f1483}</UniqueIdentifier>
      <Extensions>rc;ico;cur;bmp;dlg;rc2;rct;bin;rgs;jpg;jpeg;jpe;png;manifest</Extensions>
    </Filter>
    <Filter Include="resource\res">
      <UniqueIdentifier>{0e84221c-1eef-4c31-84a9-6e1404b918da}</UniqueIdentifier>
    </Filter>
  </ItemGroup>
  <ItemGroup>
    <None Include="res\TestTD.ico">
      <Filter>resource</Filter>
    </None>
    <None Include="..\Resources\CloseSelected.png">
      <Filter>resource</Filter>
    </None>
    <None Include="..\Resources\CloseNormal.png">
      <Filter>resource</Filter>
    </None>
    <None Include="..\Resources\HelloWorld.png">
      <Filter>resource</Filter>
    </None>
    <None Include="..\Resources\fps_images.png">
      <Filter>resource</Filter>
    </None>
    <None Include="..\Resources\fps_images-hd.png">
      <Filter>resource</Filter>
    </None>
    <None Include="..\Resources\fps_images-ipadhd.png">
      <Filter>resource</Filter>
    </None>
    <None Include="res\res\8bitDungeonLevel.mp3">
      <Filter>resource\res</Filter>
    </None>
    <None Include="res\res\Bg.png">
      <Filter>resource\res</Filter>
    </None>
    <None Include="res\res\bullet.png">
      <Filter>resource\res</Filter>
    </None>
    <None Include="res\res\enemy.png">
      <Filter>resource\res</Filter>
    </None>
    <None Include="res\res\font_red_14.fnt">
      <Filter>resource\res</Filter>
    </None>
    <None Include="res\res\font_red_14.png">
      <Filter>resource\res</Filter>
    </None>
    <None Include="res\res\laser_shoot.wav">
      <Filter>resource\res</Filter>
    </None>
    <None Include="res\res\life_lose.wav">
      <Filter>resource\res</Filter>
    </None>
    <None Include="res\res\open_spot.png">
      <Filter>resource\res</Filter>
    </None>
    <None Include="res\res\tower.png">
      <Filter>resource\res</Filter>
    </None>
    <None Include="res\res\tower_place.wav">
      <Filter>resource\res</Filter>
    </None>
    <None Include="res\res\TowersPosition.plist">
      <Filter>resource\res</Filter>
    </None>
    <None Include="res\res\Waves.plist">
      <Filter>resource\res</Filter>
    </None>
    <None Include="..\Resources\iTunesArtwork">
      <Filter>resource</Filter>
    </None>
    <None Include="..\Resources\Default.png">
      <Filter>resource</Filter>
    </None>
    <None Include="..\Resources\Icon-72.png">
      <Filter>resource</Filter>
    </None>
    <None Include="..\Resources\Icon.png">
      <Filter>resource</Filter>
    </None>
    <None Include="..\Resources\Icon%402x.png">
      <Filter>resource</Filter>
    </None>
    <None Include="..\Resources\Icon-Small-50.png">
      <Filter>resource</Filter>
    </None>
    <None Include="..\Resources\Icon-Small.png">
      <Filter>resource</Filter>
    </None>
    <None Include="..\Resources\Icon-Small%402x.png">
      <Filter>resource</Filter>
    </None>
    <None Include="..\Resources\Info.plist">
      <Filter>resource</Filter>
    </None>
  </ItemGroup>
  <ItemGroup>
    <ResourceCompile Include="TestTD.rc">
      <Filter>resource</Filter>
    </ResourceCompile>
  </ItemGroup>
  <ItemGroup>
    <ClInclude Include="resource.h">
      <Filter>include</Filter>
    </ClInclude>
    <ClInclude Include="main.h">
      <Filter>include</Filter>
    </ClInclude>
    <ClInclude Include="..\Classes\AppDelegate.h">
      <Filter>include</Filter>
    </ClInclude>
    <ClInclude Include="..\Classes\HelloWorldScene.h">
      <Filter>include</Filter>
    </ClInclude>
    <ClInclude Include="GameWorldScene.h">
      <Filter>include</Filter>
    </ClInclude>
  </ItemGroup>
  <ItemGroup>
    <ClCompile Include="main.cpp">
      <Filter>source</Filter>
    </ClCompile>
    <ClCompile Include="..\Classes\AppDelegate.cpp">
      <Filter>source</Filter>
    </ClCompile>
    <ClCompile Include="..\Classes\HelloWorldScene.cpp">
      <Filter>source</Filter>
    </ClCompile>
    <ClCompile Include="GameWorldScene.cpp">
      <Filter>source</Filter>
    </ClCompile>
  </ItemGroup>
</Project>